// !$*UTF8*$!
{
	archiveVersion = 1;
	classes = {
	};
	objectVersion = 56;
	objects = {

/* Begin PBXBuildFile section */
		396E0F7D2F1F85B1009F2050 /* epahichanApp.swift in Sources */ = {isa = PBXBuildFile; fileRef = 396E0F7C2F1F85B1009F2050 /* epahichanApp.swift */; };
		396E0F7F2F1F85B1009F2050 /* ContentView.swift in Sources */ = {isa = PBXBuildFile; fileRef = 396E0F7E2F1F85B1009F2050 /* ContentView.swift */; };
		396E0F812F1F85B3009F2050 /* Assets.xcassets in Resources */ = {isa = PBXBuildFile; fileRef = 396E0F802F1F85B3009F2050 /* Assets.xcassets */; };
		396E0F842F1F85B3009F2050 /* Preview Assets.xcassets in Resources */ = {isa = PBXBuildFile; fileRef = 396E0F832F1F85B3009F2050 /* Preview Assets.xcassets */; };
		396E0F8E2F1F85B4009F2050 /* epahichanTests.swift in Sources */ = {isa = PBXBuildFile; fileRef = 396E0F8D2F1F85B4009F2050 /* epahichanTests.swift */; };
		396E0F982F1F85B4009F2050 /* epahichanUITests.swift in Sources */ = {isa = PBXBuildFile; fileRef = 396E0F972F1F85B4009F2050 /* epahichanUITests.swift */; };
		396E0F9A2F1F85B4009F2050 /* epahichanUITestsLaunchTests.swift in Sources */ = {isa = PBXBuildFile; fileRef = 396E0F992F1F85B4009F2050 /* epahichanUITestsLaunchTests.swift */; };
		397219B82F21504F00145C81 /* VerificationStatusView.swift in Sources */ = {isa = PBXBuildFile; fileRef = 397219B52F21504F00145C81 /* VerificationStatusView.swift */; };
		397219B92F21504F00145C81 /* NotificationView.swift in Sources */ = {isa = PBXBuildFile; fileRef = 397219B62F21504F00145C81 /* NotificationView.swift */; };
		397219BA2F21504F00145C81 /* MyDocumentsView.swift in Sources */ = {isa = PBXBuildFile; fileRef = 397219B72F21504F00145C81 /* MyDocumentsView.swift */; };
		397C64A82F1F988500BA09AE /* LoginFormView.swift in Sources */ = {isa = PBXBuildFile; fileRef = 397C64A72F1F988500BA09AE /* LoginFormView.swift */; };
		397C64AA2F1F9A7D00BA09AE /* SignUpFormView.swift in Sources */ = {isa = PBXBuildFile; fileRef = 397C64A92F1F9A7D00BA09AE /* SignUpFormView.swift */; };
		397F04722F1FE2B7006031FF /* EmailOTPView.swift in Sources */ = {isa = PBXBuildFile; fileRef = 397F046E2F1FE2B7006031FF /* EmailOTPView.swift */; };
		397F04732F1FE2B7006031FF /* EmailEntryView.swift in Sources */ = {isa = PBXBuildFile; fileRef = 397F046F2F1FE2B7006031FF /* EmailEntryView.swift */; };
		397F04742F1FE2B7006031FF /* PasswordSetupView.swift in Sources */ = {isa = PBXBuildFile; fileRef = 397F04702F1FE2B7006031FF /* PasswordSetupView.swift */; };
		397F04752F1FE2B7006031FF /* MobileOTPView.swift in Sources */ = {isa = PBXBuildFile; fileRef = 397F04712F1FE2B7006031FF /* MobileOTPView.swift */; };
		397F04772F1FEA12006031FF /* NameEntryView.swift in Sources */ = {isa = PBXBuildFile; fileRef = 397F04762F1FEA12006031FF /* NameEntryView.swift */; };
		397F047A2F1FEF56006031FF /* DocumentSelectionView.swift in Sources */ = {isa = PBXBuildFile; fileRef = 397F04782F1FEF56006031FF /* DocumentSelectionView.swift */; };
		397F047B2F1FEF56006031FF /* DocumentUploadView.swift in Sources */ = {isa = PBXBuildFile; fileRef = 397F04792F1FEF56006031FF /* DocumentUploadView.swift */; };
		397F047D2F1FF105006031FF /* SelfieCaptureView.swift in Sources */ = {isa = PBXBuildFile; fileRef = 397F047C2F1FF105006031FF /* SelfieCaptureView.swift */; };
		397F047F2F1FF3DB006031FF /* LocationSelectionView.swift in Sources */ = {isa = PBXBuildFile; fileRef = 397F047E2F1FF3DB006031FF /* LocationSelectionView.swift */; };
		397F04812F1FFB81006031FF /* VerificationDetailView.swift in Sources */ = {isa = PBXBuildFile; fileRef = 397F04802F1FFB81006031FF /* VerificationDetailView.swift */; };
		397FA6352F209B04001481AF /* SplashScreenView.swift in Sources */ = {isa = PBXBuildFile; fileRef = 397FA6342F209B04001481AF /* SplashScreenView.swift */; };
		397FA6372F209C1A001481AF /* SplashLogo.png in Resources */ = {isa = PBXBuildFile; fileRef = 397FA6362F209C1A001481AF /* SplashLogo.png */; };
		397FA63C2F20DF5F001481AF /* DashboardView.swift in Sources */ = {isa = PBXBuildFile; fileRef = 397FA6382F20DF5E001481AF /* DashboardView.swift */; };
		397FA63D2F20DF5F001481AF /* AdditionalLocationSelectionView.swift in Sources */ = {isa = PBXBuildFile; fileRef = 397FA6392F20DF5F001481AF /* AdditionalLocationSelectionView.swift */; };
		397FA63E2F20DF5F001481AF /* PersonalDetailView.swift in Sources */ = {isa = PBXBuildFile; fileRef = 397FA63A2F20DF5F001481AF /* PersonalDetailView.swift */; };
		397FA63F2F20DF5F001481AF /* CitizenshipDetailEntryView.swift in Sources */ = {isa = PBXBuildFile; fileRef = 397FA63B2F20DF5F001481AF /* CitizenshipDetailEntryView.swift */; };
/* End PBXBuildFile section */

/* Begin PBXContainerItemProxy section */
		396E0F8A2F1F85B4009F2050 /* PBXContainerItemProxy */ = {
			isa = PBXContainerItemProxy;
			containerPortal = 396E0F712F1F85B1009F2050 /* Project object */;
			proxyType = 1;
			remoteGlobalIDString = 396E0F782F1F85B1009F2050;
			remoteInfo = epahichan;
		};
		396E0F942F1F85B4009F2050 /* PBXContainerItemProxy */ = {
			isa = PBXContainerItemProxy;
			containerPortal = 396E0F712F1F85B1009F2050 /* Project object */;
			proxyType = 1;
			remoteGlobalIDString = 396E0F782F1F85B1009F2050;
			remoteInfo = epahichan;
		};
/* End PBXContainerItemProxy section */

/* Begin PBXFileReference section */
		396E0F792F1F85B1009F2050 /* epahichan.app */ = {isa = PBXFileReference; explicitFileType = wrapper.application; includeInIndex = 0; path = epahichan.app; sourceTree = BUILT_PRODUCTS_DIR; };
		396E0F7C2F1F85B1009F2050 /* epahichanApp.swift */ = {isa = PBXFileReference; lastKnownFileType = sourcecode.swift; path = epahichanApp.swift; sourceTree = "<group>"; };
		396E0F7E2F1F85B1009F2050 /* ContentView.swift */ = {isa = PBXFileReference; lastKnownFileType = sourcecode.swift; path = ContentView.swift; sourceTree = "<group>"; };
		396E0F802F1F85B3009F2050 /* Assets.xcassets */ = {isa = PBXFileReference; lastKnownFileType = folder.assetcatalog; path = Assets.xcassets; sourceTree = "<group>"; };
		396E0F832F1F85B3009F2050 /* Preview Assets.xcassets */ = {isa = PBXFileReference; lastKnownFileType = folder.assetcatalog; path = "Preview Assets.xcassets"; sourceTree = "<group>"; };
		396E0F892F1F85B4009F2050 /* epahichanTests.xctest */ = {isa = PBXFileReference; explicitFileType = wrapper.cfbundle; includeInIndex = 0; path = epahichanTests.xctest; sourceTree = BUILT_PRODUCTS_DIR; };
		396E0F8D2F1F85B4009F2050 /* epahichanTests.swift */ = {isa = PBXFileReference; lastKnownFileType = sourcecode.swift; path = epahichanTests.swift; sourceTree = "<group>"; };
		396E0F932F1F85B4009F2050 /* epahichanUITests.xctest */ = {isa = PBXFileReference; explicitFileType = wrapper.cfbundle; includeInIndex = 0; path = epahichanUITests.xctest; sourceTree = BUILT_PRODUCTS_DIR; };
		396E0F972F1F85B4009F2050 /* epahichanUITests.swift */ = {isa = PBXFileReference; lastKnownFileType = sourcecode.swift; path = epahichanUITests.swift; sourceTree = "<group>"; };
		396E0F992F1F85B4009F2050 /* epahichanUITestsLaunchTests.swift */ = {isa = PBXFileReference; lastKnownFileType = sourcecode.swift; path = epahichanUITestsLaunchTests.swift; sourceTree = "<group>"; };
		397219B52F21504F00145C81 /* VerificationStatusView.swift */ = {isa = PBXFileReference; fileEncoding = 4; lastKnownFileType = sourcecode.swift; path = VerificationStatusView.swift; sourceTree = "<group>"; };
		397219B62F21504F00145C81 /* NotificationView.swift */ = {isa = PBXFileReference; fileEncoding = 4; lastKnownFileType = sourcecode.swift; path = NotificationView.swift; sourceTree = "<group>"; };
		397219B72F21504F00145C81 /* MyDocumentsView.swift */ = {isa = PBXFileReference; fileEncoding = 4; lastKnownFileType = sourcecode.swift; path = MyDocumentsView.swift; sourceTree = "<group>"; };
		397C64A72F1F988500BA09AE /* LoginFormView.swift */ = {isa = PBXFileReference; fileEncoding = 4; lastKnownFileType = sourcecode.swift; path = LoginFormView.swift; sourceTree = "<group>"; };
		397C64A92F1F9A7D00BA09AE /* SignUpFormView.swift */ = {isa = PBXFileReference; fileEncoding = 4; lastKnownFileType = sourcecode.swift; path = SignUpFormView.swift; sourceTree = "<group>"; };
		397F046E2F1FE2B7006031FF /* EmailOTPView.swift */ = {isa = PBXFileReference; fileEncoding = 4; lastKnownFileType = sourcecode.swift; path = EmailOTPView.swift; sourceTree = "<group>"; };
		397F046F2F1FE2B7006031FF /* EmailEntryView.swift */ = {isa = PBXFileReference; fileEncoding = 4; lastKnownFileType = sourcecode.swift; path = EmailEntryView.swift; sourceTree = "<group>"; };
		397F04702F1FE2B7006031FF /* PasswordSetupView.swift */ = {isa = PBXFileReference; fileEncoding = 4; lastKnownFileType = sourcecode.swift; path = PasswordSetupView.swift; sourceTree = "<group>"; };
		397F04712F1FE2B7006031FF /* MobileOTPView.swift */ = {isa = PBXFileReference; fileEncoding = 4; lastKnownFileType = sourcecode.swift; path = MobileOTPView.swift; sourceTree = "<group>"; };
		397F04762F1FEA12006031FF /* NameEntryView.swift */ = {isa = PBXFileReference; fileEncoding = 4; lastKnownFileType = sourcecode.swift; path = NameEntryView.swift; sourceTree = "<group>"; };
		397F04782F1FEF56006031FF /* DocumentSelectionView.swift */ = {isa = PBXFileReference; fileEncoding = 4; lastKnownFileType = sourcecode.swift; path = DocumentSelectionView.swift; sourceTree = "<group>"; };
		397F04792F1FEF56006031FF /* DocumentUploadView.swift */ = {isa = PBXFileReference; fileEncoding = 4; lastKnownFileType = sourcecode.swift; path = DocumentUploadView.swift; sourceTree = "<group>"; };
		397F047C2F1FF105006031FF /* SelfieCaptureView.swift */ = {isa = PBXFileReference; fileEncoding = 4; lastKnownFileType = sourcecode.swift; path = SelfieCaptureView.swift; sourceTree = "<group>"; };
		397F047E2F1FF3DB006031FF /* LocationSelectionView.swift */ = {isa = PBXFileReference; fileEncoding = 4; lastKnownFileType = sourcecode.swift; path = LocationSelectionView.swift; sourceTree = "<group>"; };
		397F04802F1FFB81006031FF /* VerificationDetailView.swift */ = {isa = PBXFileReference; fileEncoding = 4; lastKnownFileType = sourcecode.swift; path = VerificationDetailView.swift; sourceTree = "<group>"; };
		397FA6342F209B04001481AF /* SplashScreenView.swift */ = {isa = PBXFileReference; fileEncoding = 4; lastKnownFileType = sourcecode.swift; path = SplashScreenView.swift; sourceTree = "<group>"; };
		397FA6362F209C1A001481AF /* SplashLogo.png */ = {isa = PBXFileReference; lastKnownFileType = image.png; name = SplashLogo.png; path = ../../../Downloads/SplashLogo.png; sourceTree = "<group>"; };
		397FA6382F20DF5E001481AF /* DashboardView.swift */ = {isa = PBXFileReference; fileEncoding = 4; lastKnownFileType = sourcecode.swift; path = DashboardView.swift; sourceTree = "<group>"; };
		397FA6392F20DF5F001481AF /* AdditionalLocationSelectionView.swift */ = {isa = PBXFileReference; fileEncoding = 4; lastKnownFileType = sourcecode.swift; path = AdditionalLocationSelectionView.swift; sourceTree = "<group>"; };
		397FA63A2F20DF5F001481AF /* PersonalDetailView.swift */ = {isa = PBXFileReference; fileEncoding = 4; lastKnownFileType = sourcecode.swift; path = PersonalDetailView.swift; sourceTree = "<group>"; };
		397FA63B2F20DF5F001481AF /* CitizenshipDetailEntryView.swift */ = {isa = PBXFileReference; fileEncoding = 4; lastKnownFileType = sourcecode.swift; path = CitizenshipDetailEntryView.swift; sourceTree = "<group>"; };
/* End PBXFileReference section */

/* Begin PBXFrameworksBuildPhase section */
		396E0F762F1F85B1009F2050 /* Frameworks */ = {
			isa = PBXFrameworksBuildPhase;
			buildActionMask = 2147483647;
			files = (
			);
			runOnlyForDeploymentPostprocessing = 0;
		};
		396E0F862F1F85B4009F2050 /* Frameworks */ = {
			isa = PBXFrameworksBuildPhase;
			buildActionMask = 2147483647;
			files = (
			);
			runOnlyForDeploymentPostprocessing = 0;
		};
		396E0F902F1F85B4009F2050 /* Frameworks */ = {
			isa = PBXFrameworksBuildPhase;
			buildActionMask = 2147483647;
			files = (
			);
			runOnlyForDeploymentPostprocessing = 0;
		};
/* End PBXFrameworksBuildPhase section */

/* Begin PBXGroup section */
		396E0F702F1F85B1009F2050 = {
			isa = PBXGroup;
			children = (
				396E0F7B2F1F85B1009F2050 /* epahichan */,
				397C64A62F1F966700BA09AE /* AppViews */,
				396E0F8C2F1F85B4009F2050 /* epahichanTests */,
				396E0F962F1F85B4009F2050 /* epahichanUITests */,
				396E0F7A2F1F85B1009F2050 /* Products */,
			);
			sourceTree = "<group>";
		};
		396E0F7A2F1F85B1009F2050 /* Products */ = {
			isa = PBXGroup;
			children = (
				396E0F792F1F85B1009F2050 /* epahichan.app */,
				396E0F892F1F85B4009F2050 /* epahichanTests.xctest */,
				396E0F932F1F85B4009F2050 /* epahichanUITests.xctest */,
			);
			name = Products;
			sourceTree = "<group>";
		};
		396E0F7B2F1F85B1009F2050 /* epahichan */ = {
			isa = PBXGroup;
			children = (
				397FA6362F209C1A001481AF /* SplashLogo.png */,
				396E0F7C2F1F85B1009F2050 /* epahichanApp.swift */,
				396E0F7E2F1F85B1009F2050 /* ContentView.swift */,
				396E0F802F1F85B3009F2050 /* Assets.xcassets */,
				396E0F822F1F85B3009F2050 /* Preview Content */,
			);
			path = epahichan;
			sourceTree = "<group>";
		};
		396E0F822F1F85B3009F2050 /* Preview Content */ = {
			isa = PBXGroup;
			children = (
				396E0F832F1F85B3009F2050 /* Preview Assets.xcassets */,
			);
			path = "Preview Content";
			sourceTree = "<group>";
		};
		396E0F8C2F1F85B4009F2050 /* epahichanTests */ = {
			isa = PBXGroup;
			children = (
				396E0F8D2F1F85B4009F2050 /* epahichanTests.swift */,
			);
			path = epahichanTests;
			sourceTree = "<group>";
		};
		396E0F962F1F85B4009F2050 /* epahichanUITests */ = {
			isa = PBXGroup;
			children = (
				396E0F972F1F85B4009F2050 /* epahichanUITests.swift */,
				396E0F992F1F85B4009F2050 /* epahichanUITestsLaunchTests.swift */,
			);
			path = epahichanUITests;
			sourceTree = "<group>";
		};
		397C64A62F1F966700BA09AE /* AppViews */ = {
			isa = PBXGroup;
			children = (
				397219B72F21504F00145C81 /* MyDocumentsView.swift */,
				397219B62F21504F00145C81 /* NotificationView.swift */,
				397219B52F21504F00145C81 /* VerificationStatusView.swift */,
				397FA6392F20DF5F001481AF /* AdditionalLocationSelectionView.swift */,
				397FA63B2F20DF5F001481AF /* CitizenshipDetailEntryView.swift */,
				397FA6382F20DF5E001481AF /* DashboardView.swift */,
				397FA63A2F20DF5F001481AF /* PersonalDetailView.swift */,
				397FA6342F209B04001481AF /* SplashScreenView.swift */,
				397F04802F1FFB81006031FF /* VerificationDetailView.swift */,
				397F047E2F1FF3DB006031FF /* LocationSelectionView.swift */,
				397F047C2F1FF105006031FF /* SelfieCaptureView.swift */,
				397F04782F1FEF56006031FF /* DocumentSelectionView.swift */,
				397F04792F1FEF56006031FF /* DocumentUploadView.swift */,
				397F04762F1FEA12006031FF /* NameEntryView.swift */,
				397F046F2F1FE2B7006031FF /* EmailEntryView.swift */,
				397F046E2F1FE2B7006031FF /* EmailOTPView.swift */,
				397F04712F1FE2B7006031FF /* MobileOTPView.swift */,
				397F04702F1FE2B7006031FF /* PasswordSetupView.swift */,
				397C64A92F1F9A7D00BA09AE /* SignUpFormView.swift */,
				397C64A72F1F988500BA09AE /* LoginFormView.swift */,
			);
			path = AppViews;
			sourceTree = "<group>";
		};
/* End PBXGroup section */

/* Begin PBXNativeTarget section */
		396E0F782F1F85B1009F2050 /* epahichan */ = {
			isa = PBXNativeTarget;
			buildConfigurationList = 396E0F9D2F1F85B4009F2050 /* Build configuration list for PBXNativeTarget "epahichan" */;
			buildPhases = (
				396E0F752F1F85B1009F2050 /* Sources */,
				396E0F762F1F85B1009F2050 /* Frameworks */,
				396E0F772F1F85B1009F2050 /* Resources */,
			);
			buildRules = (
			);
			dependencies = (
			);
			name = epahichan;
			productName = epahichan;
			productReference = 396E0F792F1F85B1009F2050 /* epahichan.app */;
			productType = "com.apple.product-type.application";
		};
		396E0F882F1F85B4009F2050 /* epahichanTests */ = {
			isa = PBXNativeTarget;
			buildConfigurationList = 396E0FA02F1F85B4009F2050 /* Build configuration list for PBXNativeTarget "epahichanTests" */;
			buildPhases = (
				396E0F852F1F85B4009F2050 /* Sources */,
				396E0F862F1F85B4009F2050 /* Frameworks */,
				396E0F872F1F85B4009F2050 /* Resources */,
			);
			buildRules = (
			);
			dependencies = (
				396E0F8B2F1F85B4009F2050 /* PBXTargetDependency */,
			);
			name = epahichanTests;
			productName = epahichanTests;
			productReference = 396E0F892F1F85B4009F2050 /* epahichanTests.xctest */;
			productType = "com.apple.product-type.bundle.unit-test";
		};
		396E0F922F1F85B4009F2050 /* epahichanUITests */ = {
			isa = PBXNativeTarget;
			buildConfigurationList = 396E0FA32F1F85B4009F2050 /* Build configuration list for PBXNativeTarget "epahichanUITests" */;
			buildPhases = (
				396E0F8F2F1F85B4009F2050 /* Sources */,
				396E0F902F1F85B4009F2050 /* Frameworks */,
				396E0F912F1F85B4009F2050 /* Resources */,
			);
			buildRules = (
			);
			dependencies = (
				396E0F952F1F85B4009F2050 /* PBXTargetDependency */,
			);
			name = epahichanUITests;
			productName = epahichanUITests;
			productReference = 396E0F932F1F85B4009F2050 /* epahichanUITests.xctest */;
			productType = "com.apple.product-type.bundle.ui-testing";
		};
/* End PBXNativeTarget section */

/* Begin PBXProject section */
		396E0F712F1F85B1009F2050 /* Project object */ = {
			isa = PBXProject;
			attributes = {
				BuildIndependentTargetsInParallel = 1;
				LastSwiftUpdateCheck = 1520;
				LastUpgradeCheck = 1520;
				TargetAttributes = {
					396E0F782F1F85B1009F2050 = {
						CreatedOnToolsVersion = 15.2;
					};
					396E0F882F1F85B4009F2050 = {
						CreatedOnToolsVersion = 15.2;
						TestTargetID = 396E0F782F1F85B1009F2050;
					};
					396E0F922F1F85B4009F2050 = {
						CreatedOnToolsVersion = 15.2;
						TestTargetID = 396E0F782F1F85B1009F2050;
					};
				};
			};
			buildConfigurationList = 396E0F742F1F85B1009F2050 /* Build configuration list for PBXProject "epahichan" */;
			compatibilityVersion = "Xcode 14.0";
			developmentRegion = en;
			hasScannedForEncodings = 0;
			knownRegions = (
				en,
				Base,
			);
			mainGroup = 396E0F702F1F85B1009F2050;
			productRefGroup = 396E0F7A2F1F85B1009F2050 /* Products */;
			projectDirPath = "";
			projectRoot = "";
			targets = (
				396E0F782F1F85B1009F2050 /* epahichan */,
				396E0F882F1F85B4009F2050 /* epahichanTests */,
				396E0F922F1F85B4009F2050 /* epahichanUITests */,
			);
		};
/* End PBXProject section */

/* Begin PBXResourcesBuildPhase section */
		396E0F772F1F85B1009F2050 /* Resources */ = {
			isa = PBXResourcesBuildPhase;
			buildActionMask = 2147483647;
			files = (
				396E0F842F1F85B3009F2050 /* Preview Assets.xcassets in Resources */,
				397FA6372F209C1A001481AF /* SplashLogo.png in Resources */,
				396E0F812F1F85B3009F2050 /* Assets.xcassets in Resources */,
			);
			runOnlyForDeploymentPostprocessing = 0;
		};
		396E0F872F1F85B4009F2050 /* Resources */ = {
			isa = PBXResourcesBuildPhase;
			buildActionMask = 2147483647;
			files = (
			);
			runOnlyForDeploymentPostprocessing = 0;
		};
		396E0F912F1F85B4009F2050 /* Resources */ = {
			isa = PBXResourcesBuildPhase;
			buildActionMask = 2147483647;
			files = (
			);
			runOnlyForDeploymentPostprocessing = 0;
		};
/* End PBXResourcesBuildPhase section */

/* Begin PBXSourcesBuildPhase section */
		396E0F752F1F85B1009F2050 /* Sources */ = {
			isa = PBXSourcesBuildPhase;
			buildActionMask = 2147483647;
			files = (
				397C64AA2F1F9A7D00BA09AE /* SignUpFormView.swift in Sources */,
				397FA63E2F20DF5F001481AF /* PersonalDetailView.swift in Sources */,
				397219B92F21504F00145C81 /* NotificationView.swift in Sources */,
				397FA63C2F20DF5F001481AF /* DashboardView.swift in Sources */,
				397F047F2F1FF3DB006031FF /* LocationSelectionView.swift in Sources */,
				397FA6352F209B04001481AF /* SplashScreenView.swift in Sources */,
				397219B82F21504F00145C81 /* VerificationStatusView.swift in Sources */,
				397F047D2F1FF105006031FF /* SelfieCaptureView.swift in Sources */,
				397F04742F1FE2B7006031FF /* PasswordSetupView.swift in Sources */,
				397FA63F2F20DF5F001481AF /* CitizenshipDetailEntryView.swift in Sources */,
				397F04722F1FE2B7006031FF /* EmailOTPView.swift in Sources */,
				397219BA2F21504F00145C81 /* MyDocumentsView.swift in Sources */,
				397F04732F1FE2B7006031FF /* EmailEntryView.swift in Sources */,
				397F04812F1FFB81006031FF /* VerificationDetailView.swift in Sources */,
				396E0F7F2F1F85B1009F2050 /* ContentView.swift in Sources */,
				397FA63D2F20DF5F001481AF /* AdditionalLocationSelectionView.swift in Sources */,
				396E0F7D2F1F85B1009F2050 /* epahichanApp.swift in Sources */,
				397F04752F1FE2B7006031FF /* MobileOTPView.swift in Sources */,
				397F04772F1FEA12006031FF /* NameEntryView.swift in Sources */,
				397F047A2F1FEF56006031FF /* DocumentSelectionView.swift in Sources */,
				397F047B2F1FEF56006031FF /* DocumentUploadView.swift in Sources */,
				397C64A82F1F988500BA09AE /* LoginFormView.swift in Sources */,
			);
			runOnlyForDeploymentPostprocessing = 0;
		};
		396E0F852F1F85B4009F2050 /* Sources */ = {
			isa = PBXSourcesBuildPhase;
			buildActionMask = 2147483647;
			files = (
				396E0F8E2F1F85B4009F2050 /* epahichanTests.swift in Sources */,
			);
			runOnlyForDeploymentPostprocessing = 0;
		};
		396E0F8F2F1F85B4009F2050 /* Sources */ = {
			isa = PBXSourcesBuildPhase;
			buildActionMask = 2147483647;
			files = (
				396E0F9A2F1F85B4009F2050 /* epahichanUITestsLaunchTests.swift in Sources */,
				396E0F982F1F85B4009F2050 /* epahichanUITests.swift in Sources */,
			);
			runOnlyForDeploymentPostprocessing = 0;
		};
/* End PBXSourcesBuildPhase section */

/* Begin PBXTargetDependency section */
		396E0F8B2F1F85B4009F2050 /* PBXTargetDependency */ = {
			isa = PBXTargetDependency;
			target = 396E0F782F1F85B1009F2050 /* epahichan */;
			targetProxy = 396E0F8A2F1F85B4009F2050 /* PBXContainerItemProxy */;
		};
		396E0F952F1F85B4009F2050 /* PBXTargetDependency */ = {
			isa = PBXTargetDependency;
			target = 396E0F782F1F85B1009F2050 /* epahichan */;
			targetProxy = 396E0F942F1F85B4009F2050 /* PBXContainerItemProxy */;
		};
/* End PBXTargetDependency section */

/* Begin XCBuildConfiguration section */
		396E0F9B2F1F85B4009F2050 /* Debug */ = {
			isa = XCBuildConfiguration;
			buildSettings = {
				ALWAYS_SEARCH_USER_PATHS = NO;
				ASSETCATALOG_COMPILER_GENERATE_SWIFT_ASSET_SYMBOL_EXTENSIONS = YES;
				CLANG_ANALYZER_NONNULL = YES;
				CLANG_ANALYZER_NUMBER_OBJECT_CONVERSION = YES_AGGRESSIVE;
				CLANG_CXX_LANGUAGE_STANDARD = "gnu++20";
				CLANG_ENABLE_MODULES = YES;
				CLANG_ENABLE_OBJC_ARC = YES;
				CLANG_ENABLE_OBJC_WEAK = YES;
				CLANG_WARN_BLOCK_CAPTURE_AUTORELEASING = YES;
				CLANG_WARN_BOOL_CONVERSION = YES;
				CLANG_WARN_COMMA = YES;
				CLANG_WARN_CONSTANT_CONVERSION = YES;
				CLANG_WARN_DEPRECATED_OBJC_IMPLEMENTATIONS = YES;
				CLANG_WARN_DIRECT_OBJC_ISA_USAGE = YES_ERROR;
				CLANG_WARN_DOCUMENTATION_COMMENTS = YES;
				CLANG_WARN_EMPTY_BODY = YES;
				CLANG_WARN_ENUM_CONVERSION = YES;
				CLANG_WARN_INFINITE_RECURSION = YES;
				CLANG_WARN_INT_CONVERSION = YES;
				CLANG_WARN_NON_LITERAL_NULL_CONVERSION = YES;
				CLANG_WARN_OBJC_IMPLICIT_RETAIN_SELF = YES;
				CLANG_WARN_OBJC_LITERAL_CONVERSION = YES;
				CLANG_WARN_OBJC_ROOT_CLASS = YES_ERROR;
				CLANG_WARN_QUOTED_INCLUDE_IN_FRAMEWORK_HEADER = YES;
				CLANG_WARN_RANGE_LOOP_ANALYSIS = YES;
				CLANG_WARN_STRICT_PROTOTYPES = YES;
				CLANG_WARN_SUSPICIOUS_MOVE = YES;
				CLANG_WARN_UNGUARDED_AVAILABILITY = YES_AGGRESSIVE;
				CLANG_WARN_UNREACHABLE_CODE = YES;
				CLANG_WARN__DUPLICATE_METHOD_MATCH = YES;
				COPY_PHASE_STRIP = NO;
				DEBUG_INFORMATION_FORMAT = dwarf;
				ENABLE_STRICT_OBJC_MSGSEND = YES;
				ENABLE_TESTABILITY = YES;
				ENABLE_USER_SCRIPT_SANDBOXING = YES;
				GCC_C_LANGUAGE_STANDARD = gnu17;
				GCC_DYNAMIC_NO_PIC = NO;
				GCC_NO_COMMON_BLOCKS = YES;
				GCC_OPTIMIZATION_LEVEL = 0;
				GCC_PREPROCESSOR_DEFINITIONS = (
					"DEBUG=1",
					"$(inherited)",
				);
				GCC_WARN_64_TO_32_BIT_CONVERSION = YES;
				GCC_WARN_ABOUT_RETURN_TYPE = YES_ERROR;
				GCC_WARN_UNDECLARED_SELECTOR = YES;
				GCC_WARN_UNINITIALIZED_AUTOS = YES_AGGRESSIVE;
				GCC_WARN_UNUSED_FUNCTION = YES;
				GCC_WARN_UNUSED_VARIABLE = YES;
				IPHONEOS_DEPLOYMENT_TARGET = 17.2;
				LOCALIZATION_PREFERS_STRING_CATALOGS = YES;
				MTL_ENABLE_DEBUG_INFO = INCLUDE_SOURCE;
				MTL_FAST_MATH = YES;
				ONLY_ACTIVE_ARCH = YES;
				SDKROOT = iphoneos;
				SWIFT_ACTIVE_COMPILATION_CONDITIONS = "DEBUG $(inherited)";
				SWIFT_OPTIMIZATION_LEVEL = "-Onone";
			};
			name = Debug;
		};
		396E0F9C2F1F85B4009F2050 /* Release */ = {
			isa = XCBuildConfiguration;
			buildSettings = {
				ALWAYS_SEARCH_USER_PATHS = NO;
				ASSETCATALOG_COMPILER_GENERATE_SWIFT_ASSET_SYMBOL_EXTENSIONS = YES;
				CLANG_ANALYZER_NONNULL = YES;
				CLANG_ANALYZER_NUMBER_OBJECT_CONVERSION = YES_AGGRESSIVE;
				CLANG_CXX_LANGUAGE_STANDARD = "gnu++20";
				CLANG_ENABLE_MODULES = YES;
				CLANG_ENABLE_OBJC_ARC = YES;
				CLANG_ENABLE_OBJC_WEAK = YES;
				CLANG_WARN_BLOCK_CAPTURE_AUTORELEASING = YES;
				CLANG_WARN_BOOL_CONVERSION = YES;
				CLANG_WARN_COMMA = YES;
				CLANG_WARN_CONSTANT_CONVERSION = YES;
				CLANG_WARN_DEPRECATED_OBJC_IMPLEMENTATIONS = YES;
				CLANG_WARN_DIRECT_OBJC_ISA_USAGE = YES_ERROR;
				CLANG_WARN_DOCUMENTATION_COMMENTS = YES;
				CLANG_WARN_EMPTY_BODY = YES;
				CLANG_WARN_ENUM_CONVERSION = YES;
				CLANG_WARN_INFINITE_RECURSION = YES;
				CLANG_WARN_INT_CONVERSION = YES;
				CLANG_WARN_NON_LITERAL_NULL_CONVERSION = YES;
				CLANG_WARN_OBJC_IMPLICIT_RETAIN_SELF = YES;
				CLANG_WARN_OBJC_LITERAL_CONVERSION = YES;
				CLANG_WARN_OBJC_ROOT_CLASS = YES_ERROR;
				CLANG_WARN_QUOTED_INCLUDE_IN_FRAMEWORK_HEADER = YES;
				CLANG_WARN_RANGE_LOOP_ANALYSIS = YES;
				CLANG_WARN_STRICT_PROTOTYPES = YES;
				CLANG_WARN_SUSPICIOUS_MOVE = YES;
				CLANG_WARN_UNGUARDED_AVAILABILITY = YES_AGGRESSIVE;
				CLANG_WARN_UNREACHABLE_CODE = YES;
				CLANG_WARN__DUPLICATE_METHOD_MATCH = YES;
				COPY_PHASE_STRIP = NO;
				DEBUG_INFORMATION_FORMAT = "dwarf-with-dsym";
				ENABLE_NS_ASSERTIONS = NO;
				ENABLE_STRICT_OBJC_MSGSEND = YES;
				ENABLE_USER_SCRIPT_SANDBOXING = YES;
				GCC_C_LANGUAGE_STANDARD = gnu17;
				GCC_NO_COMMON_BLOCKS = YES;
				GCC_WARN_64_TO_32_BIT_CONVERSION = YES;
				GCC_WARN_ABOUT_RETURN_TYPE = YES_ERROR;
				GCC_WARN_UNDECLARED_SELECTOR = YES;
				GCC_WARN_UNINITIALIZED_AUTOS = YES_AGGRESSIVE;
				GCC_WARN_UNUSED_FUNCTION = YES;
				GCC_WARN_UNUSED_VARIABLE = YES;
				IPHONEOS_DEPLOYMENT_TARGET = 17.2;
				LOCALIZATION_PREFERS_STRING_CATALOGS = YES;
				MTL_ENABLE_DEBUG_INFO = NO;
				MTL_FAST_MATH = YES;
				SDKROOT = iphoneos;
				SWIFT_COMPILATION_MODE = wholemodule;
				VALIDATE_PRODUCT = YES;
			};
			name = Release;
		};
		396E0F9E2F1F85B4009F2050 /* Debug */ = {
			isa = XCBuildConfiguration;
			buildSettings = {
				ASSETCATALOG_COMPILER_APPICON_NAME = AppIcon;
				ASSETCATALOG_COMPILER_GLOBAL_ACCENT_COLOR_NAME = AccentColor;
				CODE_SIGN_STYLE = Automatic;
				CURRENT_PROJECT_VERSION = 1;
				DEVELOPMENT_ASSET_PATHS = "\"epahichan/Preview Content\"";
				DEVELOPMENT_TEAM = AV8K75A3TL;
				ENABLE_PREVIEWS = YES;
				GENERATE_INFOPLIST_FILE = YES;
				INFOPLIST_KEY_UIApplicationSceneManifest_Generation = YES;
				INFOPLIST_KEY_UIApplicationSupportsIndirectInputEvents = YES;
				INFOPLIST_KEY_UILaunchScreen_Generation = YES;
				INFOPLIST_KEY_UISupportedInterfaceOrientations_iPad = "UIInterfaceOrientationPortrait UIInterfaceOrientationPortraitUpsideDown UIInterfaceOrientationLandscapeLeft UIInterfaceOrientationLandscapeRight";
				INFOPLIST_KEY_UISupportedInterfaceOrientations_iPhone = "UIInterfaceOrientationPortrait UIInterfaceOrientationLandscapeLeft UIInterfaceOrientationLandscapeRight";
				LD_RUNPATH_SEARCH_PATHS = (
					"$(inherited)",
					"@executable_path/Frameworks",
				);
				MARKETING_VERSION = 1.0;
				PRODUCT_BUNDLE_IDENTIFIER = ninjainfosys.epahichan;
				PRODUCT_NAME = "$(TARGET_NAME)";
				SWIFT_EMIT_LOC_STRINGS = YES;
				SWIFT_VERSION = 5.0;
				TARGETED_DEVICE_FAMILY = "1,2";
			};
			name = Debug;
		};
		396E0F9F2F1F85B4009F2050 /* Release */ = {
			isa = XCBuildConfiguration;
			buildSettings = {
				ASSETCATALOG_COMPILER_APPICON_NAME = AppIcon;
				ASSETCATALOG_COMPILER_GLOBAL_ACCENT_COLOR_NAME = AccentColor;
				CODE_SIGN_STYLE = Automatic;
				CURRENT_PROJECT_VERSION = 1;
				DEVELOPMENT_ASSET_PATHS = "\"epahichan/Preview Content\"";
				DEVELOPMENT_TEAM = AV8K75A3TL;
				ENABLE_PREVIEWS = YES;
				GENERATE_INFOPLIST_FILE = YES;
				INFOPLIST_KEY_UIApplicationSceneManifest_Generation = YES;
				INFOPLIST_KEY_UIApplicationSupportsIndirectInputEvents = YES;
				INFOPLIST_KEY_UILaunchScreen_Generation = YES;
				INFOPLIST_KEY_UISupportedInterfaceOrientations_iPad = "UIInterfaceOrientationPortrait UIInterfaceOrientationPortraitUpsideDown UIInterfaceOrientationLandscapeLeft UIInterfaceOrientationLandscapeRight";
				INFOPLIST_KEY_UISupportedInterfaceOrientations_iPhone = "UIInterfaceOrientationPortrait UIInterfaceOrientationLandscapeLeft UIInterfaceOrientationLandscapeRight";
				LD_RUNPATH_SEARCH_PATHS = (
					"$(inherited)",
					"@executable_path/Frameworks",
				);
				MARKETING_VERSION = 1.0;
				PRODUCT_BUNDLE_IDENTIFIER = ninjainfosys.epahichan;
				PRODUCT_NAME = "$(TARGET_NAME)";
				SWIFT_EMIT_LOC_STRINGS = YES;
				SWIFT_VERSION = 5.0;
				TARGETED_DEVICE_FAMILY = "1,2";
			};
			name = Release;
		};
		396E0FA12F1F85B4009F2050 /* Debug */ = {
			isa = XCBuildConfiguration;
			buildSettings = {
				ALWAYS_EMBED_SWIFT_STANDARD_LIBRARIES = YES;
				BUNDLE_LOADER = "$(TEST_HOST)";
				CODE_SIGN_STYLE = Automatic;
				CURRENT_PROJECT_VERSION = 1;
				DEVELOPMENT_TEAM = AV8K75A3TL;
				GENERATE_INFOPLIST_FILE = YES;
				IPHONEOS_DEPLOYMENT_TARGET = 17.2;
				MARKETING_VERSION = 1.0;
				PRODUCT_BUNDLE_IDENTIFIER = ninjainfosys.epahichanTests;
				PRODUCT_NAME = "$(TARGET_NAME)";
				SWIFT_EMIT_LOC_STRINGS = NO;
				SWIFT_VERSION = 5.0;
				TARGETED_DEVICE_FAMILY = "1,2";
				TEST_HOST = "$(BUILT_PRODUCTS_DIR)/epahichan.app/$(BUNDLE_EXECUTABLE_FOLDER_PATH)/epahichan";
			};
			name = Debug;
		};
		396E0FA22F1F85B4009F2050 /* Release */ = {
			isa = XCBuildConfiguration;
			buildSettings = {
				ALWAYS_EMBED_SWIFT_STANDARD_LIBRARIES = YES;
				BUNDLE_LOADER = "$(TEST_HOST)";
				CODE_SIGN_STYLE = Automatic;
				CURRENT_PROJECT_VERSION = 1;
				DEVELOPMENT_TEAM = AV8K75A3TL;
				GENERATE_INFOPLIST_FILE = YES;
				IPHONEOS_DEPLOYMENT_TARGET = 17.2;
				MARKETING_VERSION = 1.0;
				PRODUCT_BUNDLE_IDENTIFIER = ninjainfosys.epahichanTests;
				PRODUCT_NAME = "$(TARGET_NAME)";
				SWIFT_EMIT_LOC_STRINGS = NO;
				SWIFT_VERSION = 5.0;
				TARGETED_DEVICE_FAMILY = "1,2";
				TEST_HOST = "$(BUILT_PRODUCTS_DIR)/epahichan.app/$(BUNDLE_EXECUTABLE_FOLDER_PATH)/epahichan";
			};
			name = Release;
		};
		396E0FA42F1F85B4009F2050 /* Debug */ = {
			isa = XCBuildConfiguration;
			buildSettings = {
				ALWAYS_EMBED_SWIFT_STANDARD_LIBRARIES = YES;
				CODE_SIGN_STYLE = Automatic;
				CURRENT_PROJECT_VERSION = 1;
				DEVELOPMENT_TEAM = AV8K75A3TL;
				GENERATE_INFOPLIST_FILE = YES;
				MARKETING_VERSION = 1.0;
				PRODUCT_BUNDLE_IDENTIFIER = ninjainfosys.epahichanUITests;
				PRODUCT_NAME = "$(TARGET_NAME)";
				SWIFT_EMIT_LOC_STRINGS = NO;
				SWIFT_VERSION = 5.0;
				TARGETED_DEVICE_FAMILY = "1,2";
				TEST_TARGET_NAME = epahichan;
			};
			name = Debug;
		};
		396E0FA52F1F85B4009F2050 /* Release */ = {
			isa = XCBuildConfiguration;
			buildSettings = {
				ALWAYS_EMBED_SWIFT_STANDARD_LIBRARIES = YES;
				CODE_SIGN_STYLE = Automatic;
				CURRENT_PROJECT_VERSION = 1;
				DEVELOPMENT_TEAM = AV8K75A3TL;
				GENERATE_INFOPLIST_FILE = YES;
				MARKETING_VERSION = 1.0;
				PRODUCT_BUNDLE_IDENTIFIER = ninjainfosys.epahichanUITests;
				PRODUCT_NAME = "$(TARGET_NAME)";
				SWIFT_EMIT_LOC_STRINGS = NO;
				SWIFT_VERSION = 5.0;
				TARGETED_DEVICE_FAMILY = "1,2";
				TEST_TARGET_NAME = epahichan;
			};
			name = Release;
		};
/* End XCBuildConfiguration section */

/* Begin XCConfigurationList section */
		396E0F742F1F85B1009F2050 /* Build configuration list for PBXProject "epahichan" */ = {
			isa = XCConfigurationList;
			buildConfigurations = (
				396E0F9B2F1F85B4009F2050 /* Debug */,
				396E0F9C2F1F85B4009F2050 /* Release */,
			);
			defaultConfigurationIsVisible = 0;
			defaultConfigurationName = Release;
		};
		396E0F9D2F1F85B4009F2050 /* Build configuration list for PBXNativeTarget "epahichan" */ = {
			isa = XCConfigurationList;
			buildConfigurations = (
				396E0F9E2F1F85B4009F2050 /* Debug */,
				396E0F9F2F1F85B4009F2050 /* Release */,
			);
			defaultConfigurationIsVisible = 0;
			defaultConfigurationName = Release;
		};
		396E0FA02F1F85B4009F2050 /* Build configuration list for PBXNativeTarget "epahichanTests" */ = {
			isa = XCConfigurationList;
			buildConfigurations = (
				396E0FA12F1F85B4009F2050 /* Debug */,
				396E0FA22F1F85B4009F2050 /* Release */,
			);
			defaultConfigurationIsVisible = 0;
			defaultConfigurationName = Release;
		};
		396E0FA32F1F85B4009F2050 /* Build configuration list for PBXNativeTarget "epahichanUITests" */ = {
			isa = XCConfigurationList;
			buildConfigurations = (
				396E0FA42F1F85B4009F2050 /* Debug */,
				396E0FA52F1F85B4009F2050 /* Release */,
			);
			defaultConfigurationIsVisible = 0;
			defaultConfigurationName = Release;
		};
/* End XCConfigurationList section */
	};
	rootObject = 396E0F712F1F85B1009F2050 /* Project object */;
}
